
Microsoft Visual Studio Solution File, Format Version 12.00
# Visual Studio 2015
Project("{FAE04EC0-301F-11D3-BF4B-00C04F79EFBC}") = "FNancy.CSharp.Plugins", "FNancy.CSharp.Plugins.csproj", "{06D3F0AC-CAA2-B82B-A099-590BF3C206DE}"
EndProject
Project("{FAE04EC0-301F-11D3-BF4B-00C04F79EFBC}") = "FNancy.CSharp", "FNancy.CSharp.csproj", "{78134BE5-01F0-5DC0-483A-203244C93F05}"
EndProject
Project("{FAE04EC0-301F-11D3-BF4B-00C04F79EFBC}") = "FNancy.CSharp.Editor", "FNancy.CSharp.Editor.csproj", "{2FF1D002-D1E7-305D-9A61-556A2D1FB830}"
EndProject
Global
	GlobalSection(SolutionConfigurationPlatforms) = preSolution
		Debug|Any CPU = Debug|Any CPU
		Release|Any CPU = Release|Any CPU
	EndGlobalSection
	GlobalSection(ProjectConfigurationPlatforms) = postSolution
		{06D3F0AC-CAA2-B82B-A099-590BF3C206DE}.Debug|Any CPU.ActiveCfg = Debug|Any CPU
		{06D3F0AC-CAA2-B82B-A099-590BF3C206DE}.Debug|Any CPU.Build.0 = Debug|Any CPU
		{06D3F0AC-CAA2-B82B-A099-590BF3C206DE}.Release|Any CPU.ActiveCfg = Release|Any CPU
		{06D3F0AC-CAA2-B82B-A099-590BF3C206DE}.Release|Any CPU.Build.0 = Release|Any CPU
		{78134BE5-01F0-5DC0-483A-203244C93F05}.Debug|Any CPU.ActiveCfg = Debug|Any CPU
		{78134BE5-01F0-5DC0-483A-203244C93F05}.Debug|Any CPU.Build.0 = Debug|Any CPU
		{78134BE5-01F0-5DC0-483A-203244C93F05}.Release|Any CPU.ActiveCfg = Release|Any CPU
		{78134BE5-01F0-5DC0-483A-203244C93F05}.Release|Any CPU.Build.0 = Release|Any CPU
		{2FF1D002-D1E7-305D-9A61-556A2D1FB830}.Debug|Any CPU.ActiveCfg = Debug|Any CPU
		{2FF1D002-D1E7-305D-9A61-556A2D1FB830}.Debug|Any CPU.Build.0 = Debug|Any CPU
		{2FF1D002-D1E7-305D-9A61-556A2D1FB830}.Release|Any CPU.ActiveCfg = Release|Any CPU
		{2FF1D002-D1E7-305D-9A61-556A2D1FB830}.Release|Any CPU.Build.0 = Release|Any CPU
	EndGlobalSection
	GlobalSection(SolutionProperties) = preSolution
		HideSolutionNode = FALSE
	EndGlobalSection
EndGlobal
